
Microsoft Visual Studio Solution File, Format Version 12.00
# Visual Studio Version 16
VisualStudioVersion = 16.0.31702.278
MinimumVisualStudioVersion = 10.0.40219.1
Project("{FAE04EC0-301F-11D3-BF4B-00C04F79EFBC}") = "demo1", "demo1\demo1.csproj", "{5BD899E2-705F-4417-8933-B66D761296B8}"
EndProject
Global
	GlobalSection(SolutionConfigurationPlatforms) = preSolution
		Debug|Any CPU = Debug|Any CPU
		Release|Any CPU = Release|Any CPU
	EndGlobalSection
	GlobalSection(ProjectConfigurationPlatforms) = postSolution
		{5BD899E2-705F-4417-8933-B66D761296B8}.Debug|Any CPU.ActiveCfg = Debug|Any CPU
		{5BD899E2-705F-4417-8933-B66D761296B8}.Debug|Any CPU.Build.0 = Debug|Any CPU
		{5BD899E2-705F-4417-8933-B66D761296B8}.Release|Any CPU.ActiveCfg = Release|Any CPU
		{5BD899E2-705F-4417-8933-B66D761296B8}.Release|Any CPU.Build.0 = Release|Any CPU
	EndGlobalSection
	GlobalSection(SolutionProperties) = preSolution
		HideSolutionNode = FALSE
	EndGlobalSection
	GlobalSection(ExtensibilityGlobals) = postSolution
		SolutionGuid = {4E86AD44-68E9-4B82-855C-33733A8AB341}
	EndGlobalSection
EndGlobal
