
Microsoft Visual Studio Solution File, Format Version 12.00
# Visual Studio Version 16
VisualStudioVersion = 16.0.31702.278
MinimumVisualStudioVersion = 10.0.40219.1
Project("{FAE04EC0-301F-11D3-BF4B-00C04F79EFBC}") = "FirstWinForm", "FirstWinForm\FirstWinForm.csproj", "{DAD8F86E-A0D8-4892-B797-1320BCB79069}"
EndProject
Global
	GlobalSection(SolutionConfigurationPlatforms) = preSolution
		Debug|Any CPU = Debug|Any CPU
		Release|Any CPU = Release|Any CPU
	EndGlobalSection
	GlobalSection(ProjectConfigurationPlatforms) = postSolution
		{DAD8F86E-A0D8-4892-B797-1320BCB79069}.Debug|Any CPU.ActiveCfg = Debug|Any CPU
		{DAD8F86E-A0D8-4892-B797-1320BCB79069}.Debug|Any CPU.Build.0 = Debug|Any CPU
		{DAD8F86E-A0D8-4892-B797-1320BCB79069}.Release|Any CPU.ActiveCfg = Release|Any CPU
		{DAD8F86E-A0D8-4892-B797-1320BCB79069}.Release|Any CPU.Build.0 = Release|Any CPU
	EndGlobalSection
	GlobalSection(SolutionProperties) = preSolution
		HideSolutionNode = FALSE
	EndGlobalSection
	GlobalSection(ExtensibilityGlobals) = postSolution
		SolutionGuid = {C8F27C00-19A9-451A-9F19-F795AFE3BB5F}
	EndGlobalSection
EndGlobal
