
Microsoft Visual Studio Solution File, Format Version 12.00
# Visual Studio Version 16
VisualStudioVersion = 16.0.31702.278
MinimumVisualStudioVersion = 10.0.40219.1
Project("{FAE04EC0-301F-11D3-BF4B-00C04F79EFBC}") = "InheritanceDemo", "InheritanceDemo\InheritanceDemo.csproj", "{386F5AFB-4B76-426D-93FD-2C8AFEBCF04C}"
EndProject
Global
	GlobalSection(SolutionConfigurationPlatforms) = preSolution
		Debug|Any CPU = Debug|Any CPU
		Release|Any CPU = Release|Any CPU
	EndGlobalSection
	GlobalSection(ProjectConfigurationPlatforms) = postSolution
		{386F5AFB-4B76-426D-93FD-2C8AFEBCF04C}.Debug|Any CPU.ActiveCfg = Debug|Any CPU
		{386F5AFB-4B76-426D-93FD-2C8AFEBCF04C}.Debug|Any CPU.Build.0 = Debug|Any CPU
		{386F5AFB-4B76-426D-93FD-2C8AFEBCF04C}.Release|Any CPU.ActiveCfg = Release|Any CPU
		{386F5AFB-4B76-426D-93FD-2C8AFEBCF04C}.Release|Any CPU.Build.0 = Release|Any CPU
	EndGlobalSection
	GlobalSection(SolutionProperties) = preSolution
		HideSolutionNode = FALSE
	EndGlobalSection
	GlobalSection(ExtensibilityGlobals) = postSolution
		SolutionGuid = {D8078ED5-FE91-493E-AA00-6B3FE3F16093}
	EndGlobalSection
EndGlobal
