
Microsoft Visual Studio Solution File, Format Version 12.00
# Visual Studio Version 16
VisualStudioVersion = 16.0.31702.278
MinimumVisualStudioVersion = 10.0.40219.1
Project("{FAE04EC0-301F-11D3-BF4B-00C04F79EFBC}") = "FirstXAMLApp", "FirstXAMLApp\FirstXAMLApp.csproj", "{57BD133F-EAD3-4A46-8F16-E470B83F1481}"
EndProject
Global
	GlobalSection(SolutionConfigurationPlatforms) = preSolution
		Debug|Any CPU = Debug|Any CPU
		Release|Any CPU = Release|Any CPU
	EndGlobalSection
	GlobalSection(ProjectConfigurationPlatforms) = postSolution
		{57BD133F-EAD3-4A46-8F16-E470B83F1481}.Debug|Any CPU.ActiveCfg = Debug|Any CPU
		{57BD133F-EAD3-4A46-8F16-E470B83F1481}.Debug|Any CPU.Build.0 = Debug|Any CPU
		{57BD133F-EAD3-4A46-8F16-E470B83F1481}.Release|Any CPU.ActiveCfg = Release|Any CPU
		{57BD133F-EAD3-4A46-8F16-E470B83F1481}.Release|Any CPU.Build.0 = Release|Any CPU
	EndGlobalSection
	GlobalSection(SolutionProperties) = preSolution
		HideSolutionNode = FALSE
	EndGlobalSection
	GlobalSection(ExtensibilityGlobals) = postSolution
		SolutionGuid = {A3767AAE-D781-4310-A2D9-6DC748EE2994}
	EndGlobalSection
EndGlobal
