
Microsoft Visual Studio Solution File, Format Version 12.00
# Visual Studio Version 16
VisualStudioVersion = 16.0.31702.278
MinimumVisualStudioVersion = 10.0.40219.1
Project("{FAE04EC0-301F-11D3-BF4B-00C04F79EFBC}") = "LatestFeatures", "LatestFeatures\LatestFeatures.csproj", "{D7D9DF87-FEF8-45ED-8D42-FC2B8C74BF5E}"
EndProject
Global
	GlobalSection(SolutionConfigurationPlatforms) = preSolution
		Debug|Any CPU = Debug|Any CPU
		Release|Any CPU = Release|Any CPU
	EndGlobalSection
	GlobalSection(ProjectConfigurationPlatforms) = postSolution
		{D7D9DF87-FEF8-45ED-8D42-FC2B8C74BF5E}.Debug|Any CPU.ActiveCfg = Debug|Any CPU
		{D7D9DF87-FEF8-45ED-8D42-FC2B8C74BF5E}.Debug|Any CPU.Build.0 = Debug|Any CPU
		{D7D9DF87-FEF8-45ED-8D42-FC2B8C74BF5E}.Release|Any CPU.ActiveCfg = Release|Any CPU
		{D7D9DF87-FEF8-45ED-8D42-FC2B8C74BF5E}.Release|Any CPU.Build.0 = Release|Any CPU
	EndGlobalSection
	GlobalSection(SolutionProperties) = preSolution
		HideSolutionNode = FALSE
	EndGlobalSection
	GlobalSection(ExtensibilityGlobals) = postSolution
		SolutionGuid = {36A61A1F-47F6-4A08-BDEF-32AEFCF50C11}
	EndGlobalSection
EndGlobal
