
Microsoft Visual Studio Solution File, Format Version 12.00
# Visual Studio Version 16
VisualStudioVersion = 16.0.31702.278
MinimumVisualStudioVersion = 10.0.40219.1
Project("{FAE04EC0-301F-11D3-BF4B-00C04F79EFBC}") = "AssemblyDemo", "AssemblyDemo\AssemblyDemo.csproj", "{92673584-4BE6-4293-8A72-502B04E957F0}"
EndProject
Global
	GlobalSection(SolutionConfigurationPlatforms) = preSolution
		Debug|Any CPU = Debug|Any CPU
		Release|Any CPU = Release|Any CPU
	EndGlobalSection
	GlobalSection(ProjectConfigurationPlatforms) = postSolution
		{92673584-4BE6-4293-8A72-502B04E957F0}.Debug|Any CPU.ActiveCfg = Debug|Any CPU
		{92673584-4BE6-4293-8A72-502B04E957F0}.Debug|Any CPU.Build.0 = Debug|Any CPU
		{92673584-4BE6-4293-8A72-502B04E957F0}.Release|Any CPU.ActiveCfg = Release|Any CPU
		{92673584-4BE6-4293-8A72-502B04E957F0}.Release|Any CPU.Build.0 = Release|Any CPU
	EndGlobalSection
	GlobalSection(SolutionProperties) = preSolution
		HideSolutionNode = FALSE
	EndGlobalSection
	GlobalSection(ExtensibilityGlobals) = postSolution
		SolutionGuid = {5FCD3F02-6273-4088-88DE-CB3318E61D13}
	EndGlobalSection
EndGlobal
