
Microsoft Visual Studio Solution File, Format Version 12.00
# Visual Studio Version 16
VisualStudioVersion = 16.0.31702.278
MinimumVisualStudioVersion = 10.0.40219.1
Project("{FAE04EC0-301F-11D3-BF4B-00C04F79EFBC}") = "DestructorDemo", "DestructorDemo\DestructorDemo.csproj", "{005764F9-0637-4B92-B38F-6A2F17D49E1A}"
EndProject
Global
	GlobalSection(SolutionConfigurationPlatforms) = preSolution
		Debug|Any CPU = Debug|Any CPU
		Release|Any CPU = Release|Any CPU
	EndGlobalSection
	GlobalSection(ProjectConfigurationPlatforms) = postSolution
		{005764F9-0637-4B92-B38F-6A2F17D49E1A}.Debug|Any CPU.ActiveCfg = Debug|Any CPU
		{005764F9-0637-4B92-B38F-6A2F17D49E1A}.Debug|Any CPU.Build.0 = Debug|Any CPU
		{005764F9-0637-4B92-B38F-6A2F17D49E1A}.Release|Any CPU.ActiveCfg = Release|Any CPU
		{005764F9-0637-4B92-B38F-6A2F17D49E1A}.Release|Any CPU.Build.0 = Release|Any CPU
	EndGlobalSection
	GlobalSection(SolutionProperties) = preSolution
		HideSolutionNode = FALSE
	EndGlobalSection
	GlobalSection(ExtensibilityGlobals) = postSolution
		SolutionGuid = {A697965E-1554-4976-8EBB-116BE7E4A936}
	EndGlobalSection
EndGlobal
